// !$*UTF8*$!
{
	archiveVersion = 1;
	classes = {
	};
	objectVersion = 46;
	objects = {

/* Begin PBXBuildFile section */
		0342DA601DEF4F7000161618 /* WeeklyCircleView.swift in Sources */ = {isa = PBXBuildFile; fileRef = 0342DA5F1DEF4F7000161618 /* WeeklyCircleView.swift */; };
		0342DA621DEF74B600161618 /* HourlyCircleView.swift in Sources */ = {isa = PBXBuildFile; fileRef = 0342DA611DEF74B600161618 /* HourlyCircleView.swift */; };
		03DDD57B1DDCE312007BE551 /* HourlyViewController.swift in Sources */ = {isa = PBXBuildFile; fileRef = 03DDD57A1DDCE312007BE551 /* HourlyViewController.swift */; };
		03DDD57D1DDCE379007BE551 /* WeeklyViewController.swift in Sources */ = {isa = PBXBuildFile; fileRef = 03DDD57C1DDCE379007BE551 /* WeeklyViewController.swift */; };
		88507E2FC52C90CF54141645 /* Pods_WeatherTheDay.framework in Frameworks */ = {isa = PBXBuildFile; fileRef = 8975E969D5D9CC0AC3C8A99F /* Pods_WeatherTheDay.framework */; };
		C9956D6A1DEB99C600B2DAE2 /* HomeModel.swift in Sources */ = {isa = PBXBuildFile; fileRef = C91D230F1DDCDB7700CD9F77 /* HomeModel.swift */; };
		C9956D6E1DEB9BF900B2DAE2 /* DarkSky.swift in Sources */ = {isa = PBXBuildFile; fileRef = C9321B8A1DDC335100E2BAEC /* DarkSky.swift */; };
		C9956D701DEB9CE900B2DAE2 /* ForecastLoader.swift in Sources */ = {isa = PBXBuildFile; fileRef = C9956D6F1DEB9CE900B2DAE2 /* ForecastLoader.swift */; };
		C9956D721DEBA3C700B2DAE2 /* Model.swift in Sources */ = {isa = PBXBuildFile; fileRef = C9956D711DEBA3C700B2DAE2 /* Model.swift */; };
		C9956D761DEBAED100B2DAE2 /* InfoCircleView.swift in Sources */ = {isa = PBXBuildFile; fileRef = C9956D741DEBAED100B2DAE2 /* InfoCircleView.swift */; };
		C9AF623A1DEBD80800AA9BD6 /* CircleView.swift in Sources */ = {isa = PBXBuildFile; fileRef = C9AF62391DEBD80800AA9BD6 /* CircleView.swift */; };
		C9B868A51DDA360300C75BE5 /* AppDelegate.swift in Sources */ = {isa = PBXBuildFile; fileRef = C9B868A41DDA360300C75BE5 /* AppDelegate.swift */; };
		C9B868A91DDA360300C75BE5 /* OverviewViewController.swift in Sources */ = {isa = PBXBuildFile; fileRef = C9B868A81DDA360300C75BE5 /* OverviewViewController.swift */; };
		C9B868AE1DDA360300C75BE5 /* Main.storyboard in Resources */ = {isa = PBXBuildFile; fileRef = C9B868AC1DDA360300C75BE5 /* Main.storyboard */; };
		C9B868B01DDA360300C75BE5 /* Assets.xcassets in Resources */ = {isa = PBXBuildFile; fileRef = C9B868AF1DDA360300C75BE5 /* Assets.xcassets */; };
		C9B868B31DDA360300C75BE5 /* LaunchScreen.storyboard in Resources */ = {isa = PBXBuildFile; fileRef = C9B868B11DDA360300C75BE5 /* LaunchScreen.storyboard */; };
/* End PBXBuildFile section */

/* Begin PBXFileReference section */
		0342DA5F1DEF4F7000161618 /* WeeklyCircleView.swift */ = {isa = PBXFileReference; fileEncoding = 4; lastKnownFileType = sourcecode.swift; path = WeeklyCircleView.swift; sourceTree = "<group>"; };
		0342DA611DEF74B600161618 /* HourlyCircleView.swift */ = {isa = PBXFileReference; fileEncoding = 4; lastKnownFileType = sourcecode.swift; path = HourlyCircleView.swift; sourceTree = "<group>"; };
		03DDD57A1DDCE312007BE551 /* HourlyViewController.swift */ = {isa = PBXFileReference; fileEncoding = 4; lastKnownFileType = sourcecode.swift; path = HourlyViewController.swift; sourceTree = "<group>"; };
		03DDD57C1DDCE379007BE551 /* WeeklyViewController.swift */ = {isa = PBXFileReference; fileEncoding = 4; lastKnownFileType = sourcecode.swift; path = WeeklyViewController.swift; sourceTree = "<group>"; };
		31920CCB6F5BA1E8BA65CA06 /* Pods-WeatherTheDay.release.xcconfig */ = {isa = PBXFileReference; includeInIndex = 1; lastKnownFileType = text.xcconfig; name = "Pods-WeatherTheDay.release.xcconfig"; path = "Pods/Target Support Files/Pods-WeatherTheDay/Pods-WeatherTheDay.release.xcconfig"; sourceTree = "<group>"; };
		343A353013CDC881BA3B47B2 /* Pods-WeatherTheDay.debug.xcconfig */ = {isa = PBXFileReference; includeInIndex = 1; lastKnownFileType = text.xcconfig; name = "Pods-WeatherTheDay.debug.xcconfig"; path = "Pods/Target Support Files/Pods-WeatherTheDay/Pods-WeatherTheDay.debug.xcconfig"; sourceTree = "<group>"; };
		8975E969D5D9CC0AC3C8A99F /* Pods_WeatherTheDay.framework */ = {isa = PBXFileReference; explicitFileType = wrapper.framework; includeInIndex = 0; path = Pods_WeatherTheDay.framework; sourceTree = BUILT_PRODUCTS_DIR; };
		C91D230F1DDCDB7700CD9F77 /* HomeModel.swift */ = {isa = PBXFileReference; fileEncoding = 4; lastKnownFileType = sourcecode.swift; path = HomeModel.swift; sourceTree = "<group>"; };
		C9321B8A1DDC335100E2BAEC /* DarkSky.swift */ = {isa = PBXFileReference; fileEncoding = 4; lastKnownFileType = sourcecode.swift; path = DarkSky.swift; sourceTree = "<group>"; };
		C9956D6F1DEB9CE900B2DAE2 /* ForecastLoader.swift */ = {isa = PBXFileReference; fileEncoding = 4; lastKnownFileType = sourcecode.swift; path = ForecastLoader.swift; sourceTree = "<group>"; };
		C9956D711DEBA3C700B2DAE2 /* Model.swift */ = {isa = PBXFileReference; fileEncoding = 4; lastKnownFileType = sourcecode.swift; path = Model.swift; sourceTree = "<group>"; };
		C9956D741DEBAED100B2DAE2 /* InfoCircleView.swift */ = {isa = PBXFileReference; fileEncoding = 4; lastKnownFileType = sourcecode.swift; name = InfoCircleView.swift; path = Components/InfoCircleView.swift; sourceTree = "<group>"; };
		C9AF62391DEBD80800AA9BD6 /* CircleView.swift */ = {isa = PBXFileReference; fileEncoding = 4; lastKnownFileType = sourcecode.swift; name = CircleView.swift; path = Components/CircleView.swift; sourceTree = "<group>"; };
		C9B868A11DDA360300C75BE5 /* WeatherTheDay.app */ = {isa = PBXFileReference; explicitFileType = wrapper.application; includeInIndex = 0; path = WeatherTheDay.app; sourceTree = BUILT_PRODUCTS_DIR; };
		C9B868A41DDA360300C75BE5 /* AppDelegate.swift */ = {isa = PBXFileReference; lastKnownFileType = sourcecode.swift; path = AppDelegate.swift; sourceTree = "<group>"; };
		C9B868A81DDA360300C75BE5 /* OverviewViewController.swift */ = {isa = PBXFileReference; lastKnownFileType = sourcecode.swift; path = OverviewViewController.swift; sourceTree = "<group>"; };
		C9B868AD1DDA360300C75BE5 /* Base */ = {isa = PBXFileReference; lastKnownFileType = file.storyboard; name = Base; path = Base.lproj/Main.storyboard; sourceTree = "<group>"; };
		C9B868AF1DDA360300C75BE5 /* Assets.xcassets */ = {isa = PBXFileReference; lastKnownFileType = folder.assetcatalog; path = Assets.xcassets; sourceTree = "<group>"; };
		C9B868B21DDA360300C75BE5 /* Base */ = {isa = PBXFileReference; lastKnownFileType = file.storyboard; name = Base; path = Base.lproj/LaunchScreen.storyboard; sourceTree = "<group>"; };
		C9B868B41DDA360300C75BE5 /* Info.plist */ = {isa = PBXFileReference; lastKnownFileType = text.plist.xml; path = Info.plist; sourceTree = "<group>"; };
/* End PBXFileReference section */

/* Begin PBXFrameworksBuildPhase section */
		C9B8689E1DDA360300C75BE5 /* Frameworks */ = {
			isa = PBXFrameworksBuildPhase;
			buildActionMask = 2147483647;
			files = (
				88507E2FC52C90CF54141645 /* Pods_WeatherTheDay.framework in Frameworks */,
			);
			runOnlyForDeploymentPostprocessing = 0;
		};
/* End PBXFrameworksBuildPhase section */

/* Begin PBXGroup section */
		96A87B89A205BDCBE4664C69 /* Frameworks */ = {
			isa = PBXGroup;
			children = (
				8975E969D5D9CC0AC3C8A99F /* Pods_WeatherTheDay.framework */,
			);
			name = Frameworks;
			sourceTree = "<group>";
		};
		B3CCE94A1AABF8D36D2C814B /* Pods */ = {
			isa = PBXGroup;
			children = (
				343A353013CDC881BA3B47B2 /* Pods-WeatherTheDay.debug.xcconfig */,
				31920CCB6F5BA1E8BA65CA06 /* Pods-WeatherTheDay.release.xcconfig */,
			);
			name = Pods;
			sourceTree = "<group>";
		};
		C9956D6C1DEB99D600B2DAE2 /* Models */ = {
			isa = PBXGroup;
			children = (
				C91D230F1DDCDB7700CD9F77 /* HomeModel.swift */,
				C9956D711DEBA3C700B2DAE2 /* Model.swift */,
			);
			name = Models;
			sourceTree = "<group>";
		};
		C9956D6D1DEB9AD100B2DAE2 /* Views */ = {
			isa = PBXGroup;
			children = (
				C9956D731DEBAE8900B2DAE2 /* Components */,
				C9B868A81DDA360300C75BE5 /* OverviewViewController.swift */,
				03DDD57A1DDCE312007BE551 /* HourlyViewController.swift */,
				03DDD57C1DDCE379007BE551 /* WeeklyViewController.swift */,
			);
			name = Views;
			sourceTree = "<group>";
		};
		C9956D731DEBAE8900B2DAE2 /* Components */ = {
			isa = PBXGroup;
			children = (
				C9956D741DEBAED100B2DAE2 /* InfoCircleView.swift */,
				C9AF62391DEBD80800AA9BD6 /* CircleView.swift */,
				0342DA5F1DEF4F7000161618 /* WeeklyCircleView.swift */,
				0342DA611DEF74B600161618 /* HourlyCircleView.swift */,
			);
			name = Components;
			sourceTree = "<group>";
		};
		C9B868981DDA360300C75BE5 = {
			isa = PBXGroup;
			children = (
				C9B868A31DDA360300C75BE5 /* WeatherTheDay */,
				C9B868A21DDA360300C75BE5 /* Products */,
				B3CCE94A1AABF8D36D2C814B /* Pods */,
				96A87B89A205BDCBE4664C69 /* Frameworks */,
			);
			sourceTree = "<group>";
		};
		C9B868A21DDA360300C75BE5 /* Products */ = {
			isa = PBXGroup;
			children = (
				C9B868A11DDA360300C75BE5 /* WeatherTheDay.app */,
			);
			name = Products;
			sourceTree = "<group>";
		};
		C9B868A31DDA360300C75BE5 /* WeatherTheDay */ = {
			isa = PBXGroup;
			children = (
				C9956D6D1DEB9AD100B2DAE2 /* Views */,
				C9956D6C1DEB99D600B2DAE2 /* Models */,
				C9B868BA1DDA39CE00C75BE5 /* API Access */,
				C9B868A41DDA360300C75BE5 /* AppDelegate.swift */,
				C9B868AC1DDA360300C75BE5 /* Main.storyboard */,
				C9B868AF1DDA360300C75BE5 /* Assets.xcassets */,
				C9B868B11DDA360300C75BE5 /* LaunchScreen.storyboard */,
				C9B868B41DDA360300C75BE5 /* Info.plist */,
			);
			path = WeatherTheDay;
			sourceTree = "<group>";
		};
		C9B868BA1DDA39CE00C75BE5 /* API Access */ = {
			isa = PBXGroup;
			children = (
				C9321B8A1DDC335100E2BAEC /* DarkSky.swift */,
				C9956D6F1DEB9CE900B2DAE2 /* ForecastLoader.swift */,
			);
			name = "API Access";
			sourceTree = "<group>";
		};
/* End PBXGroup section */

/* Begin PBXNativeTarget section */
		C9B868A01DDA360300C75BE5 /* WeatherTheDay */ = {
			isa = PBXNativeTarget;
			buildConfigurationList = C9B868B71DDA360300C75BE5 /* Build configuration list for PBXNativeTarget "WeatherTheDay" */;
			buildPhases = (
				AC875D566F6DE7B1533356C3 /* [CP] Check Pods Manifest.lock */,
				C9B8689D1DDA360300C75BE5 /* Sources */,
				C9B8689E1DDA360300C75BE5 /* Frameworks */,
				C9B8689F1DDA360300C75BE5 /* Resources */,
				E31F377C7AB6BDF1FBFCD28A /* [CP] Embed Pods Frameworks */,
				77B5AE81C5F09221098D5C4E /* [CP] Copy Pods Resources */,
			);
			buildRules = (
			);
			dependencies = (
			);
			name = WeatherTheDay;
			productName = WeatherTheDay;
			productReference = C9B868A11DDA360300C75BE5 /* WeatherTheDay.app */;
			productType = "com.apple.product-type.application";
		};
/* End PBXNativeTarget section */

/* Begin PBXProject section */
		C9B868991DDA360300C75BE5 /* Project object */ = {
			isa = PBXProject;
			attributes = {
				LastSwiftUpdateCheck = 0810;
				LastUpgradeCheck = 0810;
				ORGANIZATIONNAME = cse438;
				TargetAttributes = {
					C9B868A01DDA360300C75BE5 = {
						CreatedOnToolsVersion = 8.1;
						LastSwiftMigration = 0810;
						ProvisioningStyle = Automatic;
					};
				};
			};
			buildConfigurationList = C9B8689C1DDA360300C75BE5 /* Build configuration list for PBXProject "WeatherTheDay" */;
			compatibilityVersion = "Xcode 3.2";
			developmentRegion = English;
			hasScannedForEncodings = 0;
			knownRegions = (
				en,
				Base,
			);
			mainGroup = C9B868981DDA360300C75BE5;
			productRefGroup = C9B868A21DDA360300C75BE5 /* Products */;
			projectDirPath = "";
			projectRoot = "";
			targets = (
				C9B868A01DDA360300C75BE5 /* WeatherTheDay */,
			);
		};
/* End PBXProject section */

/* Begin PBXResourcesBuildPhase section */
		C9B8689F1DDA360300C75BE5 /* Resources */ = {
			isa = PBXResourcesBuildPhase;
			buildActionMask = 2147483647;
			files = (
				C9B868B31DDA360300C75BE5 /* LaunchScreen.storyboard in Resources */,
				C9B868B01DDA360300C75BE5 /* Assets.xcassets in Resources */,
				C9B868AE1DDA360300C75BE5 /* Main.storyboard in Resources */,
			);
			runOnlyForDeploymentPostprocessing = 0;
		};
/* End PBXResourcesBuildPhase section */

/* Begin PBXShellScriptBuildPhase section */
		77B5AE81C5F09221098D5C4E /* [CP] Copy Pods Resources */ = {
			isa = PBXShellScriptBuildPhase;
			buildActionMask = 2147483647;
			files = (
			);
			inputPaths = (
			);
			name = "[CP] Copy Pods Resources";
			outputPaths = (
			);
			runOnlyForDeploymentPostprocessing = 0;
			shellPath = /bin/sh;
			shellScript = "\"${SRCROOT}/Pods/Target Support Files/Pods-WeatherTheDay/Pods-WeatherTheDay-resources.sh\"\n";
			showEnvVarsInLog = 0;
		};
		AC875D566F6DE7B1533356C3 /* [CP] Check Pods Manifest.lock */ = {
			isa = PBXShellScriptBuildPhase;
			buildActionMask = 2147483647;
			files = (
			);
			inputPaths = (
			);
			name = "[CP] Check Pods Manifest.lock";
			outputPaths = (
			);
			runOnlyForDeploymentPostprocessing = 0;
			shellPath = /bin/sh;
			shellScript = "diff \"${PODS_ROOT}/../Podfile.lock\" \"${PODS_ROOT}/Manifest.lock\" > /dev/null\nif [ $? != 0 ] ; then\n    # print error to STDERR\n    echo \"error: The sandbox is not in sync with the Podfile.lock. Run 'pod install' or update your CocoaPods installation.\" >&2\n    exit 1\nfi\n";
			showEnvVarsInLog = 0;
		};
		E31F377C7AB6BDF1FBFCD28A /* [CP] Embed Pods Frameworks */ = {
			isa = PBXShellScriptBuildPhase;
			buildActionMask = 2147483647;
			files = (
			);
			inputPaths = (
			);
			name = "[CP] Embed Pods Frameworks";
			outputPaths = (
			);
			runOnlyForDeploymentPostprocessing = 0;
			shellPath = /bin/sh;
			shellScript = "\"${SRCROOT}/Pods/Target Support Files/Pods-WeatherTheDay/Pods-WeatherTheDay-frameworks.sh\"\n";
			showEnvVarsInLog = 0;
		};
/* End PBXShellScriptBuildPhase section */

/* Begin PBXSourcesBuildPhase section */
		C9B8689D1DDA360300C75BE5 /* Sources */ = {
			isa = PBXSourcesBuildPhase;
			buildActionMask = 2147483647;
			files = (
				03DDD57D1DDCE379007BE551 /* WeeklyViewController.swift in Sources */,
				03DDD57B1DDCE312007BE551 /* HourlyViewController.swift in Sources */,
				C9956D6E1DEB9BF900B2DAE2 /* DarkSky.swift in Sources */,
				C9B868A91DDA360300C75BE5 /* OverviewViewController.swift in Sources */,
				C9956D701DEB9CE900B2DAE2 /* ForecastLoader.swift in Sources */,
				C9956D6A1DEB99C600B2DAE2 /* HomeModel.swift in Sources */,
				0342DA601DEF4F7000161618 /* WeeklyCircleView.swift in Sources */,
				C9AF623A1DEBD80800AA9BD6 /* CircleView.swift in Sources */,
				C9B868A51DDA360300C75BE5 /* AppDelegate.swift in Sources */,
				0342DA621DEF74B600161618 /* HourlyCircleView.swift in Sources */,
				C9956D721DEBA3C700B2DAE2 /* Model.swift in Sources */,
				C9956D761DEBAED100B2DAE2 /* InfoCircleView.swift in Sources */,
			);
			runOnlyForDeploymentPostprocessing = 0;
		};
/* End PBXSourcesBuildPhase section */

/* Begin PBXVariantGroup section */
		C9B868AC1DDA360300C75BE5 /* Main.storyboard */ = {
			isa = PBXVariantGroup;
			children = (
				C9B868AD1DDA360300C75BE5 /* Base */,
			);
			name = Main.storyboard;
			sourceTree = "<group>";
		};
		C9B868B11DDA360300C75BE5 /* LaunchScreen.storyboard */ = {
			isa = PBXVariantGroup;
			children = (
				C9B868B21DDA360300C75BE5 /* Base */,
			);
			name = LaunchScreen.storyboard;
			sourceTree = "<group>";
		};
/* End PBXVariantGroup section */

/* Begin XCBuildConfiguration section */
		C9B868B51DDA360300C75BE5 /* Debug */ = {
			isa = XCBuildConfiguration;
			buildSettings = {
				ALWAYS_SEARCH_USER_PATHS = NO;
				CLANG_ANALYZER_NONNULL = YES;
				CLANG_CXX_LANGUAGE_STANDARD = "gnu++0x";
				CLANG_CXX_LIBRARY = "libc++";
				CLANG_ENABLE_MODULES = YES;
				CLANG_ENABLE_OBJC_ARC = YES;
				CLANG_WARN_BOOL_CONVERSION = YES;
				CLANG_WARN_CONSTANT_CONVERSION = YES;
				CLANG_WARN_DIRECT_OBJC_ISA_USAGE = YES_ERROR;
				CLANG_WARN_DOCUMENTATION_COMMENTS = YES;
				CLANG_WARN_EMPTY_BODY = YES;
				CLANG_WARN_ENUM_CONVERSION = YES;
				CLANG_WARN_INFINITE_RECURSION = YES;
				CLANG_WARN_INT_CONVERSION = YES;
				CLANG_WARN_OBJC_ROOT_CLASS = YES_ERROR;
				CLANG_WARN_SUSPICIOUS_MOVE = YES;
				CLANG_WARN_SUSPICIOUS_MOVES = YES;
				CLANG_WARN_UNREACHABLE_CODE = YES;
				CLANG_WARN__DUPLICATE_METHOD_MATCH = YES;
				"CODE_SIGN_IDENTITY[sdk=iphoneos*]" = "iPhone Developer";
				COPY_PHASE_STRIP = NO;
				DEBUG_INFORMATION_FORMAT = dwarf;
				ENABLE_STRICT_OBJC_MSGSEND = YES;
				ENABLE_TESTABILITY = YES;
				GCC_C_LANGUAGE_STANDARD = gnu99;
				GCC_DYNAMIC_NO_PIC = NO;
				GCC_NO_COMMON_BLOCKS = YES;
				GCC_OPTIMIZATION_LEVEL = 0;
				GCC_PREPROCESSOR_DEFINITIONS = (
					"DEBUG=1",
					"$(inherited)",
				);
				GCC_WARN_64_TO_32_BIT_CONVERSION = YES;
				GCC_WARN_ABOUT_RETURN_TYPE = YES_ERROR;
				GCC_WARN_UNDECLARED_SELECTOR = YES;
				GCC_WARN_UNINITIALIZED_AUTOS = YES_AGGRESSIVE;
				GCC_WARN_UNUSED_FUNCTION = YES;
				GCC_WARN_UNUSED_VARIABLE = YES;
				IPHONEOS_DEPLOYMENT_TARGET = 10.1;
				MTL_ENABLE_DEBUG_INFO = YES;
				ONLY_ACTIVE_ARCH = YES;
				SDKROOT = iphoneos;
				SWIFT_ACTIVE_COMPILATION_CONDITIONS = DEBUG;
				SWIFT_OPTIMIZATION_LEVEL = "-Onone";
			};
			name = Debug;
		};
		C9B868B61DDA360300C75BE5 /* Release */ = {
			isa = XCBuildConfiguration;
			buildSettings = {
				ALWAYS_SEARCH_USER_PATHS = NO;
				CLANG_ANALYZER_NONNULL = YES;
				CLANG_CXX_LANGUAGE_STANDARD = "gnu++0x";
				CLANG_CXX_LIBRARY = "libc++";
				CLANG_ENABLE_MODULES = YES;
				CLANG_ENABLE_OBJC_ARC = YES;
				CLANG_WARN_BOOL_CONVERSION = YES;
				CLANG_WARN_CONSTANT_CONVERSION = YES;
				CLANG_WARN_DIRECT_OBJC_ISA_USAGE = YES_ERROR;
				CLANG_WARN_DOCUMENTATION_COMMENTS = YES;
				CLANG_WARN_EMPTY_BODY = YES;
				CLANG_WARN_ENUM_CONVERSION = YES;
				CLANG_WARN_INFINITE_RECURSION = YES;
				CLANG_WARN_INT_CONVERSION = YES;
				CLANG_WARN_OBJC_ROOT_CLASS = YES_ERROR;
				CLANG_WARN_SUSPICIOUS_MOVE = YES;
				CLANG_WARN_SUSPICIOUS_MOVES = YES;
				CLANG_WARN_UNREACHABLE_CODE = YES;
				CLANG_WARN__DUPLICATE_METHOD_MATCH = YES;
				"CODE_SIGN_IDENTITY[sdk=iphoneos*]" = "iPhone Developer";
				COPY_PHASE_STRIP = NO;
				DEBUG_INFORMATION_FORMAT = "dwarf-with-dsym";
				ENABLE_NS_ASSERTIONS = NO;
				ENABLE_STRICT_OBJC_MSGSEND = YES;
				GCC_C_LANGUAGE_STANDARD = gnu99;
				GCC_NO_COMMON_BLOCKS = YES;
				GCC_WARN_64_TO_32_BIT_CONVERSION = YES;
				GCC_WARN_ABOUT_RETURN_TYPE = YES_ERROR;
				GCC_WARN_UNDECLARED_SELECTOR = YES;
				GCC_WARN_UNINITIALIZED_AUTOS = YES_AGGRESSIVE;
				GCC_WARN_UNUSED_FUNCTION = YES;
				GCC_WARN_UNUSED_VARIABLE = YES;
				IPHONEOS_DEPLOYMENT_TARGET = 10.1;
				MTL_ENABLE_DEBUG_INFO = NO;
				SDKROOT = iphoneos;
				SWIFT_OPTIMIZATION_LEVEL = "-Owholemodule";
				VALIDATE_PRODUCT = YES;
			};
			name = Release;
		};
		C9B868B81DDA360300C75BE5 /* Debug */ = {
			isa = XCBuildConfiguration;
			baseConfigurationReference = 343A353013CDC881BA3B47B2 /* Pods-WeatherTheDay.debug.xcconfig */;
			buildSettings = {
				ALWAYS_EMBED_SWIFT_STANDARD_LIBRARIES = YES;
				ASSETCATALOG_COMPILER_APPICON_NAME = AppIcon;
				INFOPLIST_FILE = WeatherTheDay/Info.plist;
				LD_RUNPATH_SEARCH_PATHS = "$(inherited) @executable_path/Frameworks";
				PRODUCT_BUNDLE_IDENTIFIER = cse438.WeatherTheDay;
				PRODUCT_NAME = "$(TARGET_NAME)";
				SWIFT_VERSION = 3.0;
			};
			name = Debug;
		};
		C9B868B91DDA360300C75BE5 /* Release */ = {
			isa = XCBuildConfiguration;
			baseConfigurationReference = 31920CCB6F5BA1E8BA65CA06 /* Pods-WeatherTheDay.release.xcconfig */;
			buildSettings = {
				ALWAYS_EMBED_SWIFT_STANDARD_LIBRARIES = YES;
				ASSETCATALOG_COMPILER_APPICON_NAME = AppIcon;
				INFOPLIST_FILE = WeatherTheDay/Info.plist;
				LD_RUNPATH_SEARCH_PATHS = "$(inherited) @executable_path/Frameworks";
				PRODUCT_BUNDLE_IDENTIFIER = cse438.WeatherTheDay;
				PRODUCT_NAME = "$(TARGET_NAME)";
				SWIFT_VERSION = 3.0;
			};
			name = Release;
		};
/* End XCBuildConfiguration section */

/* Begin XCConfigurationList section */
		C9B8689C1DDA360300C75BE5 /* Build configuration list for PBXProject "WeatherTheDay" */ = {
			isa = XCConfigurationList;
			buildConfigurations = (
				C9B868B51DDA360300C75BE5 /* Debug */,
				C9B868B61DDA360300C75BE5 /* Release */,
			);
			defaultConfigurationIsVisible = 0;
			defaultConfigurationName = Release;
		};
		C9B868B71DDA360300C75BE5 /* Build configuration list for PBXNativeTarget "WeatherTheDay" */ = {
			isa = XCConfigurationList;
			buildConfigurations = (
				C9B868B81DDA360300C75BE5 /* Debug */,
				C9B868B91DDA360300C75BE5 /* Release */,
			);
			defaultConfigurationIsVisible = 0;
			defaultConfigurationName = Release;
		};
/* End XCConfigurationList section */
	};
	rootObject = C9B868991DDA360300C75BE5 /* Project object */;
}
